
Microsoft Visual Studio Solution File, Format Version 12.00
# Visual Studio Version 17
VisualStudioVersion = 17.4.33213.308
MinimumVisualStudioVersion = 10.0.40219.1
Project("{FAE04EC0-301F-11D3-BF4B-00C04F79EFBC}") = "BarberShop", "BarberShop\BarberShop.csproj", "{BA104806-DD60-4B46-8930-DD88C144EE6E}"
EndProject
Global
	GlobalSection(SolutionConfigurationPlatforms) = preSolution
		Debug|Any CPU = Debug|Any CPU
		Release|Any CPU = Release|Any CPU
	EndGlobalSection
	GlobalSection(ProjectConfigurationPlatforms) = postSolution
		{BA104806-DD60-4B46-8930-DD88C144EE6E}.Debug|Any CPU.ActiveCfg = Debug|Any CPU
		{BA104806-DD60-4B46-8930-DD88C144EE6E}.Debug|Any CPU.Build.0 = Debug|Any CPU
		{BA104806-DD60-4B46-8930-DD88C144EE6E}.Release|Any CPU.ActiveCfg = Release|Any CPU
		{BA104806-DD60-4B46-8930-DD88C144EE6E}.Release|Any CPU.Build.0 = Release|Any CPU
	EndGlobalSection
	GlobalSection(SolutionProperties) = preSolution
		HideSolutionNode = FALSE
	EndGlobalSection
	GlobalSection(ExtensibilityGlobals) = postSolution
		SolutionGuid = {F09F0B4A-56CA-41C3-B7C6-44511CA350E2}
	EndGlobalSection
EndGlobal
